{
  "name": "static",
  "lockfileVersion": 3,
  "requires": true,
  "packages": {
    "": {
      "dependencies": {
        "webm-muxer": "^5.0.2"
      }
    },
    "node_modules/@types/dom-webcodecs": {
      "version": "0.1.11",
      "resolved": "https://registry.npmjs.org/@types/dom-webcodecs/-/dom-webcodecs-0.1.11.tgz",
      "integrity": "sha512-yPEZ3z7EohrmOxbk/QTAa0yonMFkNkjnVXqbGb7D4rMr+F1dGQ8ZUFxXkyLLJuiICPejZ0AZE9Rrk9wUCczx4A==",
      "license": "MIT"
    },
    "node_modules/@types/wicg-file-system-access": {
      "version": "2020.9.8",
      "resolved": "https://registry.npmjs.org/@types/wicg-file-system-access/-/wicg-file-system-access-2020.9.8.tgz",
      "integrity": "sha512-ggMz8nOygG7d/stpH40WVaNvBwuyYLnrg5Mbyf6bmsj/8+gb6Ei4ZZ9/4PNpcPNTT8th9Q8sM8wYmWGjMWLX/A==",
      "license": "MIT"
    },
    "node_modules/webm-muxer": {
      "version": "5.0.2",
      "resolved": "https://registry.npmjs.org/webm-muxer/-/webm-muxer-5.0.2.tgz",
      "integrity": "sha512-/1m0ZGOcx8TvEmqY+U7GromXTKtto4pi5ou+ZvaQXEjb+G/v1cln2ZbKK3T4fpWhLBYjKBeYWza/y1Nxccm5pg==",
      "license": "MIT",
      "dependencies": {
        "@types/dom-webcodecs": "^0.1.4",
        "@types/wicg-file-system-access": "^2020.9.5"
      }
    }
  }
}
